
Microsoft Visual Studio Solution File, Format Version 12.00
# Visual Studio Version 17
VisualStudioVersion = 17.0.32126.317
MinimumVisualStudioVersion = 10.0.40219.1
Project("{FAE04EC0-301F-11D3-BF4B-00C04F79EFBC}") = "rpg-characters", "rpg-characters\rpg-characters.csproj", "{0447CDD5-4503-45E6-955D-5358F5873B16}"
EndProject
Global
	GlobalSection(SolutionConfigurationPlatforms) = preSolution
		Debug|Any CPU = Debug|Any CPU
		Release|Any CPU = Release|Any CPU
	EndGlobalSection
	GlobalSection(ProjectConfigurationPlatforms) = postSolution
		{0447CDD5-4503-45E6-955D-5358F5873B16}.Debug|Any CPU.ActiveCfg = Debug|Any CPU
		{0447CDD5-4503-45E6-955D-5358F5873B16}.Debug|Any CPU.Build.0 = Debug|Any CPU
		{0447CDD5-4503-45E6-955D-5358F5873B16}.Release|Any CPU.ActiveCfg = Release|Any CPU
		{0447CDD5-4503-45E6-955D-5358F5873B16}.Release|Any CPU.Build.0 = Release|Any CPU
	EndGlobalSection
	GlobalSection(SolutionProperties) = preSolution
		HideSolutionNode = FALSE
	EndGlobalSection
	GlobalSection(ExtensibilityGlobals) = postSolution
		SolutionGuid = {8F093CB3-A4BD-4345-8438-E5BA043B4269}
	EndGlobalSection
EndGlobal
